
Microsoft Visual Studio Solution File, Format Version 12.00
# Visual Studio Version 17
VisualStudioVersion = 17.7.34009.444
MinimumVisualStudioVersion = 10.0.40219.1
Project("{FAE04EC0-301F-11D3-BF4B-00C04F79EFBC}") = "Proyecto coderhouse", "Proyecto coderhouse\Proyecto coderhouse.csproj", "{EEBCED80-D48B-4E2A-99B8-FC4BEDEE3FD2}"
EndProject
Global
	GlobalSection(SolutionConfigurationPlatforms) = preSolution
		Debug|Any CPU = Debug|Any CPU
		Release|Any CPU = Release|Any CPU
	EndGlobalSection
	GlobalSection(ProjectConfigurationPlatforms) = postSolution
		{EEBCED80-D48B-4E2A-99B8-FC4BEDEE3FD2}.Debug|Any CPU.ActiveCfg = Debug|Any CPU
		{EEBCED80-D48B-4E2A-99B8-FC4BEDEE3FD2}.Debug|Any CPU.Build.0 = Debug|Any CPU
		{EEBCED80-D48B-4E2A-99B8-FC4BEDEE3FD2}.Release|Any CPU.ActiveCfg = Release|Any CPU
		{EEBCED80-D48B-4E2A-99B8-FC4BEDEE3FD2}.Release|Any CPU.Build.0 = Release|Any CPU
	EndGlobalSection
	GlobalSection(SolutionProperties) = preSolution
		HideSolutionNode = FALSE
	EndGlobalSection
	GlobalSection(ExtensibilityGlobals) = postSolution
		SolutionGuid = {9A3AB967-02D9-4E13-B5B9-23CD95832875}
	EndGlobalSection
EndGlobal
